// !$*UTF8*$!
{
	archiveVersion = 1;
	classes = {
	};
	objectVersion = 56;
	objects = {

/* Begin PBXBuildFile section */
		F40BC7602B1029F60045DC7F /* ComponentView.swift in Sources */ = {isa = PBXBuildFile; fileRef = F40BC75F2B1029F60045DC7F /* ComponentView.swift */; };
		F40BC7622B102D2C0045DC7F /* SheetView.swift in Sources */ = {isa = PBXBuildFile; fileRef = F40BC7612B102D2C0045DC7F /* SheetView.swift */; };
		F454009E2B0EDE3000851580 /* SwiftUIVersionApp.swift in Sources */ = {isa = PBXBuildFile; fileRef = F454009D2B0EDE3000851580 /* SwiftUIVersionApp.swift */; };
		F45400A02B0EDE3000851580 /* ContentView.swift in Sources */ = {isa = PBXBuildFile; fileRef = F454009F2B0EDE3000851580 /* ContentView.swift */; };
		F45400A22B0EDE3000851580 /* Assets.xcassets in Resources */ = {isa = PBXBuildFile; fileRef = F45400A12B0EDE3000851580 /* Assets.xcassets */; };
		F45400A52B0EDE3000851580 /* Preview Assets.xcassets in Resources */ = {isa = PBXBuildFile; fileRef = F45400A42B0EDE3000851580 /* Preview Assets.xcassets */; };
		F45400AD2B0EDF8500851580 /* PointBackgroundText.swift in Sources */ = {isa = PBXBuildFile; fileRef = F45400AC2B0EDF8500851580 /* PointBackgroundText.swift */; };
		F45400B02B0EE47600851580 /* ForegroundWrapper.swift in Sources */ = {isa = PBXBuildFile; fileRef = F45400AF2B0EE47600851580 /* ForegroundWrapper.swift */; };
		F45400B22B0EE70500851580 /* TabBadgeView.swift in Sources */ = {isa = PBXBuildFile; fileRef = F45400B12B0EE70500851580 /* TabBadgeView.swift */; };
		F45400B42B0EE83300851580 /* BadgeWrapper.swift in Sources */ = {isa = PBXBuildFile; fileRef = F45400B32B0EE83300851580 /* BadgeWrapper.swift */; };
		F45400B62B0EF23500851580 /* ButtonView.swift in Sources */ = {isa = PBXBuildFile; fileRef = F45400B52B0EF23500851580 /* ButtonView.swift */; };
		F45400B82B0EF5AB00851580 /* ButtonWrapper.swift in Sources */ = {isa = PBXBuildFile; fileRef = F45400B72B0EF5AB00851580 /* ButtonWrapper.swift */; };
		F45400BA2B0EF8D600851580 /* MainView.swift in Sources */ = {isa = PBXBuildFile; fileRef = F45400B92B0EF8D600851580 /* MainView.swift */; };
		F45400BC2B0EF97A00851580 /* NavigationWrapper.swift in Sources */ = {isa = PBXBuildFile; fileRef = F45400BB2B0EF97A00851580 /* NavigationWrapper.swift */; };
		F45400BE2B0F174600851580 /* NavigationBarWrapper.swift in Sources */ = {isa = PBXBuildFile; fileRef = F45400BD2B0F174600851580 /* NavigationBarWrapper.swift */; };
/* End PBXBuildFile section */

/* Begin PBXFileReference section */
		F40BC75F2B1029F60045DC7F /* ComponentView.swift */ = {isa = PBXFileReference; lastKnownFileType = sourcecode.swift; path = ComponentView.swift; sourceTree = "<group>"; };
		F40BC7612B102D2C0045DC7F /* SheetView.swift */ = {isa = PBXFileReference; lastKnownFileType = sourcecode.swift; path = SheetView.swift; sourceTree = "<group>"; };
		F454009A2B0EDE3000851580 /* SwiftUIVersion.app */ = {isa = PBXFileReference; explicitFileType = wrapper.application; includeInIndex = 0; path = SwiftUIVersion.app; sourceTree = BUILT_PRODUCTS_DIR; };
		F454009D2B0EDE3000851580 /* SwiftUIVersionApp.swift */ = {isa = PBXFileReference; lastKnownFileType = sourcecode.swift; path = SwiftUIVersionApp.swift; sourceTree = "<group>"; };
		F454009F2B0EDE3000851580 /* ContentView.swift */ = {isa = PBXFileReference; lastKnownFileType = sourcecode.swift; path = ContentView.swift; sourceTree = "<group>"; };
		F45400A12B0EDE3000851580 /* Assets.xcassets */ = {isa = PBXFileReference; lastKnownFileType = folder.assetcatalog; path = Assets.xcassets; sourceTree = "<group>"; };
		F45400A42B0EDE3000851580 /* Preview Assets.xcassets */ = {isa = PBXFileReference; lastKnownFileType = folder.assetcatalog; path = "Preview Assets.xcassets"; sourceTree = "<group>"; };
		F45400AC2B0EDF8500851580 /* PointBackgroundText.swift */ = {isa = PBXFileReference; lastKnownFileType = sourcecode.swift; path = PointBackgroundText.swift; sourceTree = "<group>"; };
		F45400AF2B0EE47600851580 /* ForegroundWrapper.swift */ = {isa = PBXFileReference; lastKnownFileType = sourcecode.swift; path = ForegroundWrapper.swift; sourceTree = "<group>"; };
		F45400B12B0EE70500851580 /* TabBadgeView.swift */ = {isa = PBXFileReference; lastKnownFileType = sourcecode.swift; path = TabBadgeView.swift; sourceTree = "<group>"; };
		F45400B32B0EE83300851580 /* BadgeWrapper.swift */ = {isa = PBXFileReference; lastKnownFileType = sourcecode.swift; path = BadgeWrapper.swift; sourceTree = "<group>"; };
		F45400B52B0EF23500851580 /* ButtonView.swift */ = {isa = PBXFileReference; lastKnownFileType = sourcecode.swift; path = ButtonView.swift; sourceTree = "<group>"; };
		F45400B72B0EF5AB00851580 /* ButtonWrapper.swift */ = {isa = PBXFileReference; lastKnownFileType = sourcecode.swift; path = ButtonWrapper.swift; sourceTree = "<group>"; };
		F45400B92B0EF8D600851580 /* MainView.swift */ = {isa = PBXFileReference; lastKnownFileType = sourcecode.swift; path = MainView.swift; sourceTree = "<group>"; };
		F45400BB2B0EF97A00851580 /* NavigationWrapper.swift */ = {isa = PBXFileReference; lastKnownFileType = sourcecode.swift; path = NavigationWrapper.swift; sourceTree = "<group>"; };
		F45400BD2B0F174600851580 /* NavigationBarWrapper.swift */ = {isa = PBXFileReference; lastKnownFileType = sourcecode.swift; path = NavigationBarWrapper.swift; sourceTree = "<group>"; };
/* End PBXFileReference section */

/* Begin PBXFrameworksBuildPhase section */
		F45400972B0EDE3000851580 /* Frameworks */ = {
			isa = PBXFrameworksBuildPhase;
			buildActionMask = 2147483647;
			files = (
			);
			runOnlyForDeploymentPostprocessing = 0;
		};
/* End PBXFrameworksBuildPhase section */

/* Begin PBXGroup section */
		F45400912B0EDE3000851580 = {
			isa = PBXGroup;
			children = (
				F454009C2B0EDE3000851580 /* SwiftUIVersion */,
				F454009B2B0EDE3000851580 /* Products */,
			);
			sourceTree = "<group>";
		};
		F454009B2B0EDE3000851580 /* Products */ = {
			isa = PBXGroup;
			children = (
				F454009A2B0EDE3000851580 /* SwiftUIVersion.app */,
			);
			name = Products;
			sourceTree = "<group>";
		};
		F454009C2B0EDE3000851580 /* SwiftUIVersion */ = {
			isa = PBXGroup;
			children = (
				F45400AE2B0EE44D00851580 /* Wrapper */,
				F45400AB2B0EDF4600851580 /* CustomModifier */,
				F454009D2B0EDE3000851580 /* SwiftUIVersionApp.swift */,
				F454009F2B0EDE3000851580 /* ContentView.swift */,
				F45400A12B0EDE3000851580 /* Assets.xcassets */,
				F45400A32B0EDE3000851580 /* Preview Content */,
				F45400B12B0EE70500851580 /* TabBadgeView.swift */,
				F45400B52B0EF23500851580 /* ButtonView.swift */,
				F45400B92B0EF8D600851580 /* MainView.swift */,
				F40BC75F2B1029F60045DC7F /* ComponentView.swift */,
				F40BC7612B102D2C0045DC7F /* SheetView.swift */,
			);
			path = SwiftUIVersion;
			sourceTree = "<group>";
		};
		F45400A32B0EDE3000851580 /* Preview Content */ = {
			isa = PBXGroup;
			children = (
				F45400A42B0EDE3000851580 /* Preview Assets.xcassets */,
			);
			path = "Preview Content";
			sourceTree = "<group>";
		};
		F45400AB2B0EDF4600851580 /* CustomModifier */ = {
			isa = PBXGroup;
			children = (
				F45400AC2B0EDF8500851580 /* PointBackgroundText.swift */,
			);
			path = CustomModifier;
			sourceTree = "<group>";
		};
		F45400AE2B0EE44D00851580 /* Wrapper */ = {
			isa = PBXGroup;
			children = (
				F45400AF2B0EE47600851580 /* ForegroundWrapper.swift */,
				F45400B32B0EE83300851580 /* BadgeWrapper.swift */,
				F45400B72B0EF5AB00851580 /* ButtonWrapper.swift */,
				F45400BB2B0EF97A00851580 /* NavigationWrapper.swift */,
				F45400BD2B0F174600851580 /* NavigationBarWrapper.swift */,
			);
			path = Wrapper;
			sourceTree = "<group>";
		};
/* End PBXGroup section */

/* Begin PBXNativeTarget section */
		F45400992B0EDE3000851580 /* SwiftUIVersion */ = {
			isa = PBXNativeTarget;
			buildConfigurationList = F45400A82B0EDE3000851580 /* Build configuration list for PBXNativeTarget "SwiftUIVersion" */;
			buildPhases = (
				F45400962B0EDE3000851580 /* Sources */,
				F45400972B0EDE3000851580 /* Frameworks */,
				F45400982B0EDE3000851580 /* Resources */,
			);
			buildRules = (
			);
			dependencies = (
			);
			name = SwiftUIVersion;
			productName = SwiftUIVersion;
			productReference = F454009A2B0EDE3000851580 /* SwiftUIVersion.app */;
			productType = "com.apple.product-type.application";
		};
/* End PBXNativeTarget section */

/* Begin PBXProject section */
		F45400922B0EDE3000851580 /* Project object */ = {
			isa = PBXProject;
			attributes = {
				BuildIndependentTargetsInParallel = 1;
				LastSwiftUpdateCheck = 1500;
				LastUpgradeCheck = 1500;
				TargetAttributes = {
					F45400992B0EDE3000851580 = {
						CreatedOnToolsVersion = 15.0.1;
					};
				};
			};
			buildConfigurationList = F45400952B0EDE3000851580 /* Build configuration list for PBXProject "SwiftUIVersion" */;
			compatibilityVersion = "Xcode 14.0";
			developmentRegion = en;
			hasScannedForEncodings = 0;
			knownRegions = (
				en,
				Base,
			);
			mainGroup = F45400912B0EDE3000851580;
			productRefGroup = F454009B2B0EDE3000851580 /* Products */;
			projectDirPath = "";
			projectRoot = "";
			targets = (
				F45400992B0EDE3000851580 /* SwiftUIVersion */,
			);
		};
/* End PBXProject section */

/* Begin PBXResourcesBuildPhase section */
		F45400982B0EDE3000851580 /* Resources */ = {
			isa = PBXResourcesBuildPhase;
			buildActionMask = 2147483647;
			files = (
				F45400A52B0EDE3000851580 /* Preview Assets.xcassets in Resources */,
				F45400A22B0EDE3000851580 /* Assets.xcassets in Resources */,
			);
			runOnlyForDeploymentPostprocessing = 0;
		};
/* End PBXResourcesBuildPhase section */

/* Begin PBXSourcesBuildPhase section */
		F45400962B0EDE3000851580 /* Sources */ = {
			isa = PBXSourcesBuildPhase;
			buildActionMask = 2147483647;
			files = (
				F45400AD2B0EDF8500851580 /* PointBackgroundText.swift in Sources */,
				F45400BA2B0EF8D600851580 /* MainView.swift in Sources */,
				F45400BE2B0F174600851580 /* NavigationBarWrapper.swift in Sources */,
				F45400A02B0EDE3000851580 /* ContentView.swift in Sources */,
				F45400B22B0EE70500851580 /* TabBadgeView.swift in Sources */,
				F40BC7622B102D2C0045DC7F /* SheetView.swift in Sources */,
				F45400B82B0EF5AB00851580 /* ButtonWrapper.swift in Sources */,
				F45400B42B0EE83300851580 /* BadgeWrapper.swift in Sources */,
				F45400B02B0EE47600851580 /* ForegroundWrapper.swift in Sources */,
				F40BC7602B1029F60045DC7F /* ComponentView.swift in Sources */,
				F45400BC2B0EF97A00851580 /* NavigationWrapper.swift in Sources */,
				F454009E2B0EDE3000851580 /* SwiftUIVersionApp.swift in Sources */,
				F45400B62B0EF23500851580 /* ButtonView.swift in Sources */,
			);
			runOnlyForDeploymentPostprocessing = 0;
		};
/* End PBXSourcesBuildPhase section */

/* Begin XCBuildConfiguration section */
		F45400A62B0EDE3000851580 /* Debug */ = {
			isa = XCBuildConfiguration;
			buildSettings = {
				ALWAYS_SEARCH_USER_PATHS = NO;
				ASSETCATALOG_COMPILER_GENERATE_SWIFT_ASSET_SYMBOL_EXTENSIONS = YES;
				CLANG_ANALYZER_NONNULL = YES;
				CLANG_ANALYZER_NUMBER_OBJECT_CONVERSION = YES_AGGRESSIVE;
				CLANG_CXX_LANGUAGE_STANDARD = "gnu++20";
				CLANG_ENABLE_MODULES = YES;
				CLANG_ENABLE_OBJC_ARC = YES;
				CLANG_ENABLE_OBJC_WEAK = YES;
				CLANG_WARN_BLOCK_CAPTURE_AUTORELEASING = YES;
				CLANG_WARN_BOOL_CONVERSION = YES;
				CLANG_WARN_COMMA = YES;
				CLANG_WARN_CONSTANT_CONVERSION = YES;
				CLANG_WARN_DEPRECATED_OBJC_IMPLEMENTATIONS = YES;
				CLANG_WARN_DIRECT_OBJC_ISA_USAGE = YES_ERROR;
				CLANG_WARN_DOCUMENTATION_COMMENTS = YES;
				CLANG_WARN_EMPTY_BODY = YES;
				CLANG_WARN_ENUM_CONVERSION = YES;
				CLANG_WARN_INFINITE_RECURSION = YES;
				CLANG_WARN_INT_CONVERSION = YES;
				CLANG_WARN_NON_LITERAL_NULL_CONVERSION = YES;
				CLANG_WARN_OBJC_IMPLICIT_RETAIN_SELF = YES;
				CLANG_WARN_OBJC_LITERAL_CONVERSION = YES;
				CLANG_WARN_OBJC_ROOT_CLASS = YES_ERROR;
				CLANG_WARN_QUOTED_INCLUDE_IN_FRAMEWORK_HEADER = YES;
				CLANG_WARN_RANGE_LOOP_ANALYSIS = YES;
				CLANG_WARN_STRICT_PROTOTYPES = YES;
				CLANG_WARN_SUSPICIOUS_MOVE = YES;
				CLANG_WARN_UNGUARDED_AVAILABILITY = YES_AGGRESSIVE;
				CLANG_WARN_UNREACHABLE_CODE = YES;
				CLANG_WARN__DUPLICATE_METHOD_MATCH = YES;
				COPY_PHASE_STRIP = NO;
				DEBUG_INFORMATION_FORMAT = dwarf;
				ENABLE_STRICT_OBJC_MSGSEND = YES;
				ENABLE_TESTABILITY = YES;
				ENABLE_USER_SCRIPT_SANDBOXING = YES;
				GCC_C_LANGUAGE_STANDARD = gnu17;
				GCC_DYNAMIC_NO_PIC = NO;
				GCC_NO_COMMON_BLOCKS = YES;
				GCC_OPTIMIZATION_LEVEL = 0;
				GCC_PREPROCESSOR_DEFINITIONS = (
					"DEBUG=1",
					"$(inherited)",
				);
				GCC_WARN_64_TO_32_BIT_CONVERSION = YES;
				GCC_WARN_ABOUT_RETURN_TYPE = YES_ERROR;
				GCC_WARN_UNDECLARED_SELECTOR = YES;
				GCC_WARN_UNINITIALIZED_AUTOS = YES_AGGRESSIVE;
				GCC_WARN_UNUSED_FUNCTION = YES;
				GCC_WARN_UNUSED_VARIABLE = YES;
				IPHONEOS_DEPLOYMENT_TARGET = 17.0;
				LOCALIZATION_PREFERS_STRING_CATALOGS = YES;
				MTL_ENABLE_DEBUG_INFO = INCLUDE_SOURCE;
				MTL_FAST_MATH = YES;
				ONLY_ACTIVE_ARCH = YES;
				SDKROOT = iphoneos;
				SWIFT_ACTIVE_COMPILATION_CONDITIONS = "DEBUG $(inherited)";
				SWIFT_OPTIMIZATION_LEVEL = "-Onone";
			};
			name = Debug;
		};
		F45400A72B0EDE3000851580 /* Release */ = {
			isa = XCBuildConfiguration;
			buildSettings = {
				ALWAYS_SEARCH_USER_PATHS = NO;
				ASSETCATALOG_COMPILER_GENERATE_SWIFT_ASSET_SYMBOL_EXTENSIONS = YES;
				CLANG_ANALYZER_NONNULL = YES;
				CLANG_ANALYZER_NUMBER_OBJECT_CONVERSION = YES_AGGRESSIVE;
				CLANG_CXX_LANGUAGE_STANDARD = "gnu++20";
				CLANG_ENABLE_MODULES = YES;
				CLANG_ENABLE_OBJC_ARC = YES;
				CLANG_ENABLE_OBJC_WEAK = YES;
				CLANG_WARN_BLOCK_CAPTURE_AUTORELEASING = YES;
				CLANG_WARN_BOOL_CONVERSION = YES;
				CLANG_WARN_COMMA = YES;
				CLANG_WARN_CONSTANT_CONVERSION = YES;
				CLANG_WARN_DEPRECATED_OBJC_IMPLEMENTATIONS = YES;
				CLANG_WARN_DIRECT_OBJC_ISA_USAGE = YES_ERROR;
				CLANG_WARN_DOCUMENTATION_COMMENTS = YES;
				CLANG_WARN_EMPTY_BODY = YES;
				CLANG_WARN_ENUM_CONVERSION = YES;
				CLANG_WARN_INFINITE_RECURSION = YES;
				CLANG_WARN_INT_CONVERSION = YES;
				CLANG_WARN_NON_LITERAL_NULL_CONVERSION = YES;
				CLANG_WARN_OBJC_IMPLICIT_RETAIN_SELF = YES;
				CLANG_WARN_OBJC_LITERAL_CONVERSION = YES;
				CLANG_WARN_OBJC_ROOT_CLASS = YES_ERROR;
				CLANG_WARN_QUOTED_INCLUDE_IN_FRAMEWORK_HEADER = YES;
				CLANG_WARN_RANGE_LOOP_ANALYSIS = YES;
				CLANG_WARN_STRICT_PROTOTYPES = YES;
				CLANG_WARN_SUSPICIOUS_MOVE = YES;
				CLANG_WARN_UNGUARDED_AVAILABILITY = YES_AGGRESSIVE;
				CLANG_WARN_UNREACHABLE_CODE = YES;
				CLANG_WARN__DUPLICATE_METHOD_MATCH = YES;
				COPY_PHASE_STRIP = NO;
				DEBUG_INFORMATION_FORMAT = "dwarf-with-dsym";
				ENABLE_NS_ASSERTIONS = NO;
				ENABLE_STRICT_OBJC_MSGSEND = YES;
				ENABLE_USER_SCRIPT_SANDBOXING = YES;
				GCC_C_LANGUAGE_STANDARD = gnu17;
				GCC_NO_COMMON_BLOCKS = YES;
				GCC_WARN_64_TO_32_BIT_CONVERSION = YES;
				GCC_WARN_ABOUT_RETURN_TYPE = YES_ERROR;
				GCC_WARN_UNDECLARED_SELECTOR = YES;
				GCC_WARN_UNINITIALIZED_AUTOS = YES_AGGRESSIVE;
				GCC_WARN_UNUSED_FUNCTION = YES;
				GCC_WARN_UNUSED_VARIABLE = YES;
				IPHONEOS_DEPLOYMENT_TARGET = 17.0;
				LOCALIZATION_PREFERS_STRING_CATALOGS = YES;
				MTL_ENABLE_DEBUG_INFO = NO;
				MTL_FAST_MATH = YES;
				SDKROOT = iphoneos;
				SWIFT_COMPILATION_MODE = wholemodule;
				VALIDATE_PRODUCT = YES;
			};
			name = Release;
		};
		F45400A92B0EDE3000851580 /* Debug */ = {
			isa = XCBuildConfiguration;
			buildSettings = {
				ASSETCATALOG_COMPILER_APPICON_NAME = AppIcon;
				ASSETCATALOG_COMPILER_GLOBAL_ACCENT_COLOR_NAME = AccentColor;
				CODE_SIGN_STYLE = Automatic;
				CURRENT_PROJECT_VERSION = 1;
				DEVELOPMENT_ASSET_PATHS = "\"SwiftUIVersion/Preview Content\"";
				DEVELOPMENT_TEAM = N54L2GS5Z3;
				ENABLE_PREVIEWS = YES;
				GENERATE_INFOPLIST_FILE = YES;
				INFOPLIST_KEY_UIApplicationSceneManifest_Generation = YES;
				INFOPLIST_KEY_UIApplicationSupportsIndirectInputEvents = YES;
				INFOPLIST_KEY_UILaunchScreen_Generation = YES;
				INFOPLIST_KEY_UISupportedInterfaceOrientations_iPad = "UIInterfaceOrientationPortrait UIInterfaceOrientationPortraitUpsideDown UIInterfaceOrientationLandscapeLeft UIInterfaceOrientationLandscapeRight";
				INFOPLIST_KEY_UISupportedInterfaceOrientations_iPhone = "UIInterfaceOrientationPortrait UIInterfaceOrientationLandscapeLeft UIInterfaceOrientationLandscapeRight";
				IPHONEOS_DEPLOYMENT_TARGET = 17.0;
				LD_RUNPATH_SEARCH_PATHS = (
					"$(inherited)",
					"@executable_path/Frameworks",
				);
				MARKETING_VERSION = 1.0;
				PRODUCT_BUNDLE_IDENTIFIER = com.eunseo.SwiftUIVersion;
				PRODUCT_NAME = "$(TARGET_NAME)";
				SWIFT_EMIT_LOC_STRINGS = YES;
				SWIFT_VERSION = 5.0;
				TARGETED_DEVICE_FAMILY = "1,2";
			};
			name = Debug;
		};
		F45400AA2B0EDE3000851580 /* Release */ = {
			isa = XCBuildConfiguration;
			buildSettings = {
				ASSETCATALOG_COMPILER_APPICON_NAME = AppIcon;
				ASSETCATALOG_COMPILER_GLOBAL_ACCENT_COLOR_NAME = AccentColor;
				CODE_SIGN_STYLE = Automatic;
				CURRENT_PROJECT_VERSION = 1;
				DEVELOPMENT_ASSET_PATHS = "\"SwiftUIVersion/Preview Content\"";
				DEVELOPMENT_TEAM = N54L2GS5Z3;
				ENABLE_PREVIEWS = YES;
				GENERATE_INFOPLIST_FILE = YES;
				INFOPLIST_KEY_UIApplicationSceneManifest_Generation = YES;
				INFOPLIST_KEY_UIApplicationSupportsIndirectInputEvents = YES;
				INFOPLIST_KEY_UILaunchScreen_Generation = YES;
				INFOPLIST_KEY_UISupportedInterfaceOrientations_iPad = "UIInterfaceOrientationPortrait UIInterfaceOrientationPortraitUpsideDown UIInterfaceOrientationLandscapeLeft UIInterfaceOrientationLandscapeRight";
				INFOPLIST_KEY_UISupportedInterfaceOrientations_iPhone = "UIInterfaceOrientationPortrait UIInterfaceOrientationLandscapeLeft UIInterfaceOrientationLandscapeRight";
				IPHONEOS_DEPLOYMENT_TARGET = 17.0;
				LD_RUNPATH_SEARCH_PATHS = (
					"$(inherited)",
					"@executable_path/Frameworks",
				);
				MARKETING_VERSION = 1.0;
				PRODUCT_BUNDLE_IDENTIFIER = com.eunseo.SwiftUIVersion;
				PRODUCT_NAME = "$(TARGET_NAME)";
				SWIFT_EMIT_LOC_STRINGS = YES;
				SWIFT_VERSION = 5.0;
				TARGETED_DEVICE_FAMILY = "1,2";
			};
			name = Release;
		};
/* End XCBuildConfiguration section */

/* Begin XCConfigurationList section */
		F45400952B0EDE3000851580 /* Build configuration list for PBXProject "SwiftUIVersion" */ = {
			isa = XCConfigurationList;
			buildConfigurations = (
				F45400A62B0EDE3000851580 /* Debug */,
				F45400A72B0EDE3000851580 /* Release */,
			);
			defaultConfigurationIsVisible = 0;
			defaultConfigurationName = Release;
		};
		F45400A82B0EDE3000851580 /* Build configuration list for PBXNativeTarget "SwiftUIVersion" */ = {
			isa = XCConfigurationList;
			buildConfigurations = (
				F45400A92B0EDE3000851580 /* Debug */,
				F45400AA2B0EDE3000851580 /* Release */,
			);
			defaultConfigurationIsVisible = 0;
			defaultConfigurationName = Release;
		};
/* End XCConfigurationList section */
	};
	rootObject = F45400922B0EDE3000851580 /* Project object */;
}
